
Microsoft Visual Studio Solution File, Format Version 12.00
# Visual Studio 15
VisualStudioVersion = 15.0.28307.271
MinimumVisualStudioVersion = 10.0.40219.1
Project("{9A19103F-16F7-4668-BE54-9A1E7A4F7556}") = "DebtyFinal.Models", "DebtyFinal.Models\DebtyFinal.Models.csproj", "{04D77470-A0EE-48FE-9BE0-4AA0A9DCA788}"
EndProject
Project("{9A19103F-16F7-4668-BE54-9A1E7A4F7556}") = "DebtyFinal.Logics", "DebtyFinal.Logics\DebtyFinal.Logics.csproj", "{14DAC6BD-8DFA-43BF-ABBD-10350DA58889}"
EndProject
Project("{9A19103F-16F7-4668-BE54-9A1E7A4F7556}") = "DebtyFinal.DataAccess", "DebtyFinal.DataAccess\DebtyFinal.DataAccess.csproj", "{094FEB31-E1CA-46B4-ADC9-11019902DA6F}"
EndProject
Project("{9A19103F-16F7-4668-BE54-9A1E7A4F7556}") = "DebtyFinal", "DebtyFinal\DebtyFinal.csproj", "{1EC7C958-32B6-43F8-91CA-A026A8B06F81}"
EndProject
Project("{FAE04EC0-301F-11D3-BF4B-00C04F79EFBC}") = "DebtyFinal.Interfaces", "DebtyFinal.Interfaces\DebtyFinal.Interfaces.csproj", "{3A595EA7-67D7-4A2C-A6D8-F93A40730F7C}"
EndProject
Global
	GlobalSection(SolutionConfigurationPlatforms) = preSolution
		Debug|Any CPU = Debug|Any CPU
		Release|Any CPU = Release|Any CPU
	EndGlobalSection
	GlobalSection(ProjectConfigurationPlatforms) = postSolution
		{04D77470-A0EE-48FE-9BE0-4AA0A9DCA788}.Debug|Any CPU.ActiveCfg = Debug|Any CPU
		{04D77470-A0EE-48FE-9BE0-4AA0A9DCA788}.Debug|Any CPU.Build.0 = Debug|Any CPU
		{04D77470-A0EE-48FE-9BE0-4AA0A9DCA788}.Release|Any CPU.ActiveCfg = Release|Any CPU
		{04D77470-A0EE-48FE-9BE0-4AA0A9DCA788}.Release|Any CPU.Build.0 = Release|Any CPU
		{14DAC6BD-8DFA-43BF-ABBD-10350DA58889}.Debug|Any CPU.ActiveCfg = Debug|Any CPU
		{14DAC6BD-8DFA-43BF-ABBD-10350DA58889}.Debug|Any CPU.Build.0 = Debug|Any CPU
		{14DAC6BD-8DFA-43BF-ABBD-10350DA58889}.Release|Any CPU.ActiveCfg = Release|Any CPU
		{14DAC6BD-8DFA-43BF-ABBD-10350DA58889}.Release|Any CPU.Build.0 = Release|Any CPU
		{094FEB31-E1CA-46B4-ADC9-11019902DA6F}.Debug|Any CPU.ActiveCfg = Debug|Any CPU
		{094FEB31-E1CA-46B4-ADC9-11019902DA6F}.Debug|Any CPU.Build.0 = Debug|Any CPU
		{094FEB31-E1CA-46B4-ADC9-11019902DA6F}.Release|Any CPU.ActiveCfg = Release|Any CPU
		{094FEB31-E1CA-46B4-ADC9-11019902DA6F}.Release|Any CPU.Build.0 = Release|Any CPU
		{1EC7C958-32B6-43F8-91CA-A026A8B06F81}.Debug|Any CPU.ActiveCfg = Debug|Any CPU
		{1EC7C958-32B6-43F8-91CA-A026A8B06F81}.Debug|Any CPU.Build.0 = Debug|Any CPU
		{1EC7C958-32B6-43F8-91CA-A026A8B06F81}.Release|Any CPU.ActiveCfg = Release|Any CPU
		{1EC7C958-32B6-43F8-91CA-A026A8B06F81}.Release|Any CPU.Build.0 = Release|Any CPU
		{3A595EA7-67D7-4A2C-A6D8-F93A40730F7C}.Debug|Any CPU.ActiveCfg = Debug|Any CPU
		{3A595EA7-67D7-4A2C-A6D8-F93A40730F7C}.Debug|Any CPU.Build.0 = Debug|Any CPU
		{3A595EA7-67D7-4A2C-A6D8-F93A40730F7C}.Release|Any CPU.ActiveCfg = Release|Any CPU
		{3A595EA7-67D7-4A2C-A6D8-F93A40730F7C}.Release|Any CPU.Build.0 = Release|Any CPU
	EndGlobalSection
	GlobalSection(SolutionProperties) = preSolution
		HideSolutionNode = FALSE
	EndGlobalSection
	GlobalSection(ExtensibilityGlobals) = postSolution
		SolutionGuid = {338FDA26-48F6-4E9A-92D4-F580C4050695}
	EndGlobalSection
EndGlobal
